
Microsoft Visual Studio Solution File, Format Version 12.00
# Visual Studio Version 16
VisualStudioVersion = 16.0.31313.79
MinimumVisualStudioVersion = 10.0.40219.1
Project("{FAE04EC0-301F-11D3-BF4B-00C04F79EFBC}") = "TestLibrary", "TestLibrary\TestLibrary.csproj", "{CA336C7C-8CE0-454C-BC76-2C93F49FDAC6}"
EndProject
Project("{FAE04EC0-301F-11D3-BF4B-00C04F79EFBC}") = "LibraryLesson", "LibraryLesson\LibraryLesson.csproj", "{A0C91BB9-A9EB-4347-BC98-2AF704F315E8}"
EndProject
Global
	GlobalSection(SolutionConfigurationPlatforms) = preSolution
		Debug|Any CPU = Debug|Any CPU
		Release|Any CPU = Release|Any CPU
	EndGlobalSection
	GlobalSection(ProjectConfigurationPlatforms) = postSolution
		{CA336C7C-8CE0-454C-BC76-2C93F49FDAC6}.Debug|Any CPU.ActiveCfg = Debug|Any CPU
		{CA336C7C-8CE0-454C-BC76-2C93F49FDAC6}.Debug|Any CPU.Build.0 = Debug|Any CPU
		{CA336C7C-8CE0-454C-BC76-2C93F49FDAC6}.Release|Any CPU.ActiveCfg = Release|Any CPU
		{CA336C7C-8CE0-454C-BC76-2C93F49FDAC6}.Release|Any CPU.Build.0 = Release|Any CPU
		{A0C91BB9-A9EB-4347-BC98-2AF704F315E8}.Debug|Any CPU.ActiveCfg = Debug|Any CPU
		{A0C91BB9-A9EB-4347-BC98-2AF704F315E8}.Debug|Any CPU.Build.0 = Debug|Any CPU
		{A0C91BB9-A9EB-4347-BC98-2AF704F315E8}.Release|Any CPU.ActiveCfg = Release|Any CPU
		{A0C91BB9-A9EB-4347-BC98-2AF704F315E8}.Release|Any CPU.Build.0 = Release|Any CPU
	EndGlobalSection
	GlobalSection(SolutionProperties) = preSolution
		HideSolutionNode = FALSE
	EndGlobalSection
	GlobalSection(ExtensibilityGlobals) = postSolution
		SolutionGuid = {FC591A64-C409-4816-8EF6-5A94170D19A7}
	EndGlobalSection
EndGlobal
